
Microsoft Visual Studio Solution File, Format Version 12.00
# Visual Studio Version 16
VisualStudioVersion = 16.0.31624.102
MinimumVisualStudioVersion = 10.0.40219.1
Project("{9A19103F-16F7-4668-BE54-9A1E7A4F7556}") = "CoreLibrary", "CoreLibrary\CoreLibrary.csproj", "{762BE19E-2E4C-4B17-ADEF-288D6423838B}"
EndProject
Project("{9A19103F-16F7-4668-BE54-9A1E7A4F7556}") = "BeeNotepadeWeb", "BeeNotepadeWeb\BeeNotepadeWeb.csproj", "{1CDD12E2-A244-4A44-90CB-CE4B02FC0D8F}"
EndProject
Project("{9A19103F-16F7-4668-BE54-9A1E7A4F7556}") = "BeeNotepadeAPI", "BeeNotepadeAPI\BeeNotepadeAPI.csproj", "{0FEA8A5F-3C26-41C6-900B-C8CE5F0F59D5}"
EndProject
Project("{9A19103F-16F7-4668-BE54-9A1E7A4F7556}") = "BeeNotepadeTests", "BeeNotepadeTests\BeeNotepadeTests.csproj", "{F1645B17-8132-4901-A666-F89EE49D9D29}"
EndProject
Global
	GlobalSection(SolutionConfigurationPlatforms) = preSolution
		Debug|Any CPU = Debug|Any CPU
		Release|Any CPU = Release|Any CPU
	EndGlobalSection
	GlobalSection(ProjectConfigurationPlatforms) = postSolution
		{762BE19E-2E4C-4B17-ADEF-288D6423838B}.Debug|Any CPU.ActiveCfg = Debug|Any CPU
		{762BE19E-2E4C-4B17-ADEF-288D6423838B}.Debug|Any CPU.Build.0 = Debug|Any CPU
		{762BE19E-2E4C-4B17-ADEF-288D6423838B}.Release|Any CPU.ActiveCfg = Release|Any CPU
		{762BE19E-2E4C-4B17-ADEF-288D6423838B}.Release|Any CPU.Build.0 = Release|Any CPU
		{1CDD12E2-A244-4A44-90CB-CE4B02FC0D8F}.Debug|Any CPU.ActiveCfg = Debug|Any CPU
		{1CDD12E2-A244-4A44-90CB-CE4B02FC0D8F}.Debug|Any CPU.Build.0 = Debug|Any CPU
		{1CDD12E2-A244-4A44-90CB-CE4B02FC0D8F}.Release|Any CPU.ActiveCfg = Release|Any CPU
		{1CDD12E2-A244-4A44-90CB-CE4B02FC0D8F}.Release|Any CPU.Build.0 = Release|Any CPU
		{0FEA8A5F-3C26-41C6-900B-C8CE5F0F59D5}.Debug|Any CPU.ActiveCfg = Debug|Any CPU
		{0FEA8A5F-3C26-41C6-900B-C8CE5F0F59D5}.Debug|Any CPU.Build.0 = Debug|Any CPU
		{0FEA8A5F-3C26-41C6-900B-C8CE5F0F59D5}.Release|Any CPU.ActiveCfg = Release|Any CPU
		{0FEA8A5F-3C26-41C6-900B-C8CE5F0F59D5}.Release|Any CPU.Build.0 = Release|Any CPU
		{F1645B17-8132-4901-A666-F89EE49D9D29}.Debug|Any CPU.ActiveCfg = Debug|Any CPU
		{F1645B17-8132-4901-A666-F89EE49D9D29}.Debug|Any CPU.Build.0 = Debug|Any CPU
		{F1645B17-8132-4901-A666-F89EE49D9D29}.Release|Any CPU.ActiveCfg = Release|Any CPU
		{F1645B17-8132-4901-A666-F89EE49D9D29}.Release|Any CPU.Build.0 = Release|Any CPU
	EndGlobalSection
	GlobalSection(SolutionProperties) = preSolution
		HideSolutionNode = FALSE
	EndGlobalSection
	GlobalSection(ExtensibilityGlobals) = postSolution
		SolutionGuid = {60FF6637-5062-4440-BE87-5F0CF5667530}
	EndGlobalSection
EndGlobal
